{
  "name": "time-plan-svg",
  "version": "1.0.0",
  "lockfileVersion": 1,
  "requires": true,
  "dependencies": {
    "@iarna/toml": {
      "version": "2.2.3",
      "resolved": "https://registry.npmjs.org/@iarna/toml/-/toml-2.2.3.tgz",
      "integrity": "sha512-FmuxfCuolpLl0AnQ2NHSzoUKWEJDFl63qXjzdoWBVyFCXzMGm1spBzk7LeHNoVCiWCF7mRVms9e6jEV9+MoPbg=="
    },
    "applause-cli": {
      "version": "1.2.1",
      "resolved": "https://registry.npmjs.org/applause-cli/-/applause-cli-1.2.1.tgz",
      "integrity": "sha512-1dY8G1YQxFT4VVXq3Y/T13jA3MUxdohtjVOGU7Mrf8Zvkd57jqxGDIU7pZwSpz4h6HI2XLH3JG1T26pAkW2wNg=="
    },
    "xml-writer": {
      "version": "1.7.0",
      "resolved": "https://registry.npmjs.org/xml-writer/-/xml-writer-1.7.0.tgz",
      "integrity": "sha1-t28dWRwWomNOvbcDx729D9aBkGU="
    }
  }
}
