{
	"name": "hourgraph",
	"version": "1.0.3",
	"lockfileVersion": 2,
	"requires": true,
	"packages": {
		"": {
			"name": "hourgraph",
			"version": "1.0.3",
			"license": "MPL-2.0",
			"dependencies": {
				"@iarna/toml": "^2.2.5",
				"applause-cli": "^1.7.0",
				"chroma-js": "^2.3.0",
				"xml-writer": "^1.7.0"
			},
			"bin": {
				"hourgraph": "src/index.mjs"
			}
		},
		"node_modules/@iarna/toml": {
			"version": "2.2.5",
			"resolved": "https://registry.npmjs.org/@iarna/toml/-/toml-2.2.5.tgz",
			"integrity": "sha512-trnsAYxU3xnS1gPHPyU961coFyLkh4gAD/0zQ5mymY4yOZ+CYvsPqUbOFSw0aDM4y0tV7tiFxL/1XfXPNC6IPg=="
		},
		"node_modules/applause-cli": {
			"version": "1.7.0",
			"resolved": "https://registry.npmjs.org/applause-cli/-/applause-cli-1.7.0.tgz",
			"integrity": "sha512-zO/nBR9x37Iqlm3R2Glo0NyDIevwbDPrISprK61Z/M01Xvm5dFkL2FZAONxxHctT9QoF71fiY22sFRuq8Sqxug=="
		},
		"node_modules/chroma-js": {
			"version": "2.3.0",
			"resolved": "https://registry.npmjs.org/chroma-js/-/chroma-js-2.3.0.tgz",
			"integrity": "sha512-dRgAp9FHHy+VfE7e3/I5HHU0+zZlUHBODcjvXUXinsR/NnHCO+kfv68ofzrAqFI80q2IWvDSAmHAqHh93TGgKg=="
		},
		"node_modules/xml-writer": {
			"version": "1.7.0",
			"resolved": "https://registry.npmjs.org/xml-writer/-/xml-writer-1.7.0.tgz",
			"integrity": "sha1-t28dWRwWomNOvbcDx729D9aBkGU=",
			"engines": {
				"node": ">=0.4.0"
			}
		}
	},
	"dependencies": {
		"@iarna/toml": {
			"version": "2.2.5",
			"resolved": "https://registry.npmjs.org/@iarna/toml/-/toml-2.2.5.tgz",
			"integrity": "sha512-trnsAYxU3xnS1gPHPyU961coFyLkh4gAD/0zQ5mymY4yOZ+CYvsPqUbOFSw0aDM4y0tV7tiFxL/1XfXPNC6IPg=="
		},
		"applause-cli": {
			"version": "1.7.0",
			"resolved": "https://registry.npmjs.org/applause-cli/-/applause-cli-1.7.0.tgz",
			"integrity": "sha512-zO/nBR9x37Iqlm3R2Glo0NyDIevwbDPrISprK61Z/M01Xvm5dFkL2FZAONxxHctT9QoF71fiY22sFRuq8Sqxug=="
		},
		"chroma-js": {
			"version": "2.3.0",
			"resolved": "https://registry.npmjs.org/chroma-js/-/chroma-js-2.3.0.tgz",
			"integrity": "sha512-dRgAp9FHHy+VfE7e3/I5HHU0+zZlUHBODcjvXUXinsR/NnHCO+kfv68ofzrAqFI80q2IWvDSAmHAqHh93TGgKg=="
		},
		"xml-writer": {
			"version": "1.7.0",
			"resolved": "https://registry.npmjs.org/xml-writer/-/xml-writer-1.7.0.tgz",
			"integrity": "sha1-t28dWRwWomNOvbcDx729D9aBkGU="
		}
	}
}
